
Microsoft Visual Studio Solution File, Format Version 12.00
# Visual Studio Version 17
VisualStudioVersion = 17.11.35222.181
MinimumVisualStudioVersion = 10.0.40219.1
Project("{8BC9CEB8-8B4A-11D0-8D11-00A0C91BC942}") = "8", "8\8.vcxproj", "{E42DFA4D-6A30-4248-B2A0-7F80655E55FA}"
EndProject
Global
	GlobalSection(SolutionConfigurationPlatforms) = preSolution
		Debug|x64 = Debug|x64
		Debug|x86 = Debug|x86
		Release|x64 = Release|x64
		Release|x86 = Release|x86
	EndGlobalSection
	GlobalSection(ProjectConfigurationPlatforms) = postSolution
		{E42DFA4D-6A30-4248-B2A0-7F80655E55FA}.Debug|x64.ActiveCfg = Debug|x64
		{E42DFA4D-6A30-4248-B2A0-7F80655E55FA}.Debug|x64.Build.0 = Debug|x64
		{E42DFA4D-6A30-4248-B2A0-7F80655E55FA}.Debug|x86.ActiveCfg = Debug|Win32
		{E42DFA4D-6A30-4248-B2A0-7F80655E55FA}.Debug|x86.Build.0 = Debug|Win32
		{E42DFA4D-6A30-4248-B2A0-7F80655E55FA}.Release|x64.ActiveCfg = Release|x64
		{E42DFA4D-6A30-4248-B2A0-7F80655E55FA}.Release|x64.Build.0 = Release|x64
		{E42DFA4D-6A30-4248-B2A0-7F80655E55FA}.Release|x86.ActiveCfg = Release|Win32
		{E42DFA4D-6A30-4248-B2A0-7F80655E55FA}.Release|x86.Build.0 = Release|Win32
	EndGlobalSection
	GlobalSection(SolutionProperties) = preSolution
		HideSolutionNode = FALSE
	EndGlobalSection
	GlobalSection(ExtensibilityGlobals) = postSolution
		SolutionGuid = {7986A16E-2A95-4AE9-8103-8E22BF5A6829}
	EndGlobalSection
EndGlobal
